
Microsoft Visual Studio Solution File, Format Version 12.00
# Visual Studio Version 16
VisualStudioVersion = 16.0.29509.3
MinimumVisualStudioVersion = 10.0.40219.1
Project("{8BC9CEB8-8B4A-11D0-8D11-00A0C91BC942}") = "saying_hello", "saying_hello.vcxproj", "{F1E01FFD-C0E9-4E9E-9B37-28F9612391B9}"
EndProject
Project("{8BC9CEB8-8B4A-11D0-8D11-00A0C91BC942}") = "saying_hello_tests", "saying_hello_tests\saying_hello_tests.vcxproj", "{3A1F4595-E5E6-437A-8449-A0F02400A290}"
EndProject
Global
	GlobalSection(SolutionConfigurationPlatforms) = preSolution
		Debug|x64 = Debug|x64
		Debug|x86 = Debug|x86
		Release|x64 = Release|x64
		Release|x86 = Release|x86
	EndGlobalSection
	GlobalSection(ProjectConfigurationPlatforms) = postSolution
		{F1E01FFD-C0E9-4E9E-9B37-28F9612391B9}.Debug|x64.ActiveCfg = Debug|x64
		{F1E01FFD-C0E9-4E9E-9B37-28F9612391B9}.Debug|x64.Build.0 = Debug|x64
		{F1E01FFD-C0E9-4E9E-9B37-28F9612391B9}.Debug|x86.ActiveCfg = Debug|Win32
		{F1E01FFD-C0E9-4E9E-9B37-28F9612391B9}.Debug|x86.Build.0 = Debug|Win32
		{F1E01FFD-C0E9-4E9E-9B37-28F9612391B9}.Release|x64.ActiveCfg = Release|x64
		{F1E01FFD-C0E9-4E9E-9B37-28F9612391B9}.Release|x64.Build.0 = Release|x64
		{F1E01FFD-C0E9-4E9E-9B37-28F9612391B9}.Release|x86.ActiveCfg = Release|Win32
		{F1E01FFD-C0E9-4E9E-9B37-28F9612391B9}.Release|x86.Build.0 = Release|Win32
		{3A1F4595-E5E6-437A-8449-A0F02400A290}.Debug|x64.ActiveCfg = Debug|x64
		{3A1F4595-E5E6-437A-8449-A0F02400A290}.Debug|x64.Build.0 = Debug|x64
		{3A1F4595-E5E6-437A-8449-A0F02400A290}.Debug|x86.ActiveCfg = Debug|Win32
		{3A1F4595-E5E6-437A-8449-A0F02400A290}.Debug|x86.Build.0 = Debug|Win32
		{3A1F4595-E5E6-437A-8449-A0F02400A290}.Release|x64.ActiveCfg = Release|x64
		{3A1F4595-E5E6-437A-8449-A0F02400A290}.Release|x64.Build.0 = Release|x64
		{3A1F4595-E5E6-437A-8449-A0F02400A290}.Release|x86.ActiveCfg = Release|Win32
		{3A1F4595-E5E6-437A-8449-A0F02400A290}.Release|x86.Build.0 = Release|Win32
	EndGlobalSection
	GlobalSection(SolutionProperties) = preSolution
		HideSolutionNode = FALSE
	EndGlobalSection
	GlobalSection(ExtensibilityGlobals) = postSolution
		SolutionGuid = {0074E113-2888-439F-8C05-0453F33D5136}
	EndGlobalSection
EndGlobal
