
Microsoft Visual Studio Solution File, Format Version 12.00
# Visual Studio Version 16
VisualStudioVersion = 16.0.31515.178
MinimumVisualStudioVersion = 10.0.40219.1
Project("{8BC9CEB8-8B4A-11D0-8D11-00A0C91BC942}") = "currency-conversion", "currency-conversion\currency-conversion\currency-conversion.vcxproj", "{E64B1638-DDDD-4D1C-93E7-ED682066714C}"
EndProject
Project("{8BC9CEB8-8B4A-11D0-8D11-00A0C91BC942}") = "google_test_lib", "google_test_lib\google_test_lib.vcxproj", "{AC3EB0DE-0222-4196-B8CE-E1056D012BC4}"
EndProject
Project("{8BC9CEB8-8B4A-11D0-8D11-00A0C91BC942}") = "currency-conversion-test", "currency-conversion-test\currency-conversion-test.vcxproj", "{4B87B78D-ABA2-49CF-9A82-050CE6333295}"
EndProject
Global
	GlobalSection(SolutionConfigurationPlatforms) = preSolution
		Debug|x64 = Debug|x64
		Debug|x86 = Debug|x86
		Release|x64 = Release|x64
		Release|x86 = Release|x86
	EndGlobalSection
	GlobalSection(ProjectConfigurationPlatforms) = postSolution
		{E64B1638-DDDD-4D1C-93E7-ED682066714C}.Debug|x64.ActiveCfg = Debug|x64
		{E64B1638-DDDD-4D1C-93E7-ED682066714C}.Debug|x64.Build.0 = Debug|x64
		{E64B1638-DDDD-4D1C-93E7-ED682066714C}.Debug|x86.ActiveCfg = Debug|Win32
		{E64B1638-DDDD-4D1C-93E7-ED682066714C}.Debug|x86.Build.0 = Debug|Win32
		{E64B1638-DDDD-4D1C-93E7-ED682066714C}.Release|x64.ActiveCfg = Release|x64
		{E64B1638-DDDD-4D1C-93E7-ED682066714C}.Release|x64.Build.0 = Release|x64
		{E64B1638-DDDD-4D1C-93E7-ED682066714C}.Release|x86.ActiveCfg = Release|Win32
		{E64B1638-DDDD-4D1C-93E7-ED682066714C}.Release|x86.Build.0 = Release|Win32
		{AC3EB0DE-0222-4196-B8CE-E1056D012BC4}.Debug|x64.ActiveCfg = Debug|x64
		{AC3EB0DE-0222-4196-B8CE-E1056D012BC4}.Debug|x64.Build.0 = Debug|x64
		{AC3EB0DE-0222-4196-B8CE-E1056D012BC4}.Debug|x86.ActiveCfg = Debug|Win32
		{AC3EB0DE-0222-4196-B8CE-E1056D012BC4}.Debug|x86.Build.0 = Debug|Win32
		{AC3EB0DE-0222-4196-B8CE-E1056D012BC4}.Release|x64.ActiveCfg = Release|x64
		{AC3EB0DE-0222-4196-B8CE-E1056D012BC4}.Release|x64.Build.0 = Release|x64
		{AC3EB0DE-0222-4196-B8CE-E1056D012BC4}.Release|x86.ActiveCfg = Release|Win32
		{AC3EB0DE-0222-4196-B8CE-E1056D012BC4}.Release|x86.Build.0 = Release|Win32
		{4B87B78D-ABA2-49CF-9A82-050CE6333295}.Debug|x64.ActiveCfg = Debug|x64
		{4B87B78D-ABA2-49CF-9A82-050CE6333295}.Debug|x64.Build.0 = Debug|x64
		{4B87B78D-ABA2-49CF-9A82-050CE6333295}.Debug|x86.ActiveCfg = Debug|Win32
		{4B87B78D-ABA2-49CF-9A82-050CE6333295}.Debug|x86.Build.0 = Debug|Win32
		{4B87B78D-ABA2-49CF-9A82-050CE6333295}.Release|x64.ActiveCfg = Release|x64
		{4B87B78D-ABA2-49CF-9A82-050CE6333295}.Release|x64.Build.0 = Release|x64
		{4B87B78D-ABA2-49CF-9A82-050CE6333295}.Release|x86.ActiveCfg = Release|Win32
		{4B87B78D-ABA2-49CF-9A82-050CE6333295}.Release|x86.Build.0 = Release|Win32
	EndGlobalSection
	GlobalSection(SolutionProperties) = preSolution
		HideSolutionNode = FALSE
	EndGlobalSection
	GlobalSection(ExtensibilityGlobals) = postSolution
		SolutionGuid = {11654083-F432-41EC-87F2-8466CCD10DD0}
	EndGlobalSection
EndGlobal
