
Microsoft Visual Studio Solution File, Format Version 12.00
# Visual Studio Version 16
VisualStudioVersion = 16.0.29509.3
MinimumVisualStudioVersion = 10.0.40219.1
Project("{8BC9CEB8-8B4A-11D0-8D11-00A0C91BC942}") = "counting_the_number_of_characters", "counting_the_number_of_characters.vcxproj", "{455086FB-41D3-4150-A6D7-0E88AF633E52}"
EndProject
Project("{8BC9CEB8-8B4A-11D0-8D11-00A0C91BC942}") = "counting_the_number_of_characters_tests", "counting_the_number_of_characters_tests\counting_the_number_of_characters_tests.vcxproj", "{95F50248-9E3B-4AAA-8080-C117145BF5C0}"
EndProject
Global
	GlobalSection(SolutionConfigurationPlatforms) = preSolution
		Debug|x64 = Debug|x64
		Debug|x86 = Debug|x86
		Release|x64 = Release|x64
		Release|x86 = Release|x86
	EndGlobalSection
	GlobalSection(ProjectConfigurationPlatforms) = postSolution
		{455086FB-41D3-4150-A6D7-0E88AF633E52}.Debug|x64.ActiveCfg = Debug|x64
		{455086FB-41D3-4150-A6D7-0E88AF633E52}.Debug|x64.Build.0 = Debug|x64
		{455086FB-41D3-4150-A6D7-0E88AF633E52}.Debug|x86.ActiveCfg = Debug|Win32
		{455086FB-41D3-4150-A6D7-0E88AF633E52}.Debug|x86.Build.0 = Debug|Win32
		{455086FB-41D3-4150-A6D7-0E88AF633E52}.Release|x64.ActiveCfg = Release|x64
		{455086FB-41D3-4150-A6D7-0E88AF633E52}.Release|x64.Build.0 = Release|x64
		{455086FB-41D3-4150-A6D7-0E88AF633E52}.Release|x86.ActiveCfg = Release|Win32
		{455086FB-41D3-4150-A6D7-0E88AF633E52}.Release|x86.Build.0 = Release|Win32
		{95F50248-9E3B-4AAA-8080-C117145BF5C0}.Debug|x64.ActiveCfg = Debug|x64
		{95F50248-9E3B-4AAA-8080-C117145BF5C0}.Debug|x64.Build.0 = Debug|x64
		{95F50248-9E3B-4AAA-8080-C117145BF5C0}.Debug|x86.ActiveCfg = Debug|Win32
		{95F50248-9E3B-4AAA-8080-C117145BF5C0}.Debug|x86.Build.0 = Debug|Win32
		{95F50248-9E3B-4AAA-8080-C117145BF5C0}.Release|x64.ActiveCfg = Release|x64
		{95F50248-9E3B-4AAA-8080-C117145BF5C0}.Release|x64.Build.0 = Release|x64
		{95F50248-9E3B-4AAA-8080-C117145BF5C0}.Release|x86.ActiveCfg = Release|Win32
		{95F50248-9E3B-4AAA-8080-C117145BF5C0}.Release|x86.Build.0 = Release|Win32
	EndGlobalSection
	GlobalSection(SolutionProperties) = preSolution
		HideSolutionNode = FALSE
	EndGlobalSection
	GlobalSection(ExtensibilityGlobals) = postSolution
		SolutionGuid = {10910048-D599-43AB-A781-9EC73E27C641}
	EndGlobalSection
EndGlobal
