<?xml version="1.0" encoding="utf-8"?>
<Project ToolsVersion="4.0" xmlns="http://schemas.microsoft.com/developer/msbuild/2003">
  <ItemGroup>
    <ClCompile Include="..\self-checkout\packages\gmock.1.10.0\lib\native\src\gtest\src\gtest_main.cc" />
    <ClCompile Include="test.cpp" />
    <ClCompile Include="pch.cpp" />
  </ItemGroup>
  <ItemGroup>
    <ClInclude Include="pch.h" />
    <ClInclude Include="MockClasses\MockCurrency.h">
      <Filter>MockClasses</Filter>
    </ClInclude>
  </ItemGroup>
  <ItemGroup>
    <Filter Include="MockClasses">
      <UniqueIdentifier>{db31fd3b-dca4-40dd-9720-eecf24642956}</UniqueIdentifier>
    </Filter>
  </ItemGroup>
</Project>